{
  "object": {
    "pins": [
      {
        "package": "libmecab",
        "repositoryURL": "https://github.com/trickart/libmecab.git",
        "state": {
          "branch": null,
          "revision": "efeff76a9c7e8a169bcb64f71934278d948c42bd",
          "version": "0.996.0"
        }
      },
      {
        "package": "MeCab",
        "repositoryURL": "https://github.com/trickart/MeCab.git",
        "state": {
          "branch": null,
          "revision": "3ca1adf9e2ebefb880d7b82156f2ffb98ba03c73",
          "version": "0.0.2"
        }
      },
      {
        "package": "MeCabIPAdic",
        "repositoryURL": "https://github.com/trickart/MeCabIPAdic.git",
        "state": {
          "branch": null,
          "revision": "29d64401ab2b13debb93e9a65d6a8d0c575d8250",
          "version": "270.20070801.2"
        }
      },
      {
        "package": "swift-argument-parser",
        "repositoryURL": "https://github.com/apple/swift-argument-parser.git",
        "state": {
          "branch": null,
          "revision": "83b23d940471b313427da226196661856f6ba3e0",
          "version": "0.4.4"
        }
      },
      {
        "package": "swift-collections",
        "repositoryURL": "https://github.com/apple/swift-collections.git",
        "state": {
          "branch": null,
          "revision": "07e47b1e93e5a1e0ef0c50fcb2d6739fb6be4003",
          "version": "1.0.0"
        }
      }
    ]
  },
  "version": 1
}
